
Microsoft Visual Studio Solution File, Format Version 12.00
# Visual Studio Version 16
VisualStudioVersion = 16.0.31205.134
MinimumVisualStudioVersion = 10.0.40219.1
Project("{9A19103F-16F7-4668-BE54-9A1E7A4F7556}") = "DockerizedCrud", "DockerizedCrud\DockerizedCrud.csproj", "{DE69864A-D6CC-4084-8586-5B799C7702C2}"
EndProject
Project("{FAE04EC0-301F-11D3-BF4B-00C04F79EFBC}") = "DockerizedCrud.Tests", "DockerizedCrud.Tests\DockerizedCrud.Tests.csproj", "{A2E30572-9475-45E6-98BA-D5A330ECBD5D}"
EndProject
Global
	GlobalSection(SolutionConfigurationPlatforms) = preSolution
		Debug|Any CPU = Debug|Any CPU
		Release|Any CPU = Release|Any CPU
	EndGlobalSection
	GlobalSection(ProjectConfigurationPlatforms) = postSolution
		{DE69864A-D6CC-4084-8586-5B799C7702C2}.Debug|Any CPU.ActiveCfg = Debug|Any CPU
		{DE69864A-D6CC-4084-8586-5B799C7702C2}.Debug|Any CPU.Build.0 = Debug|Any CPU
		{DE69864A-D6CC-4084-8586-5B799C7702C2}.Release|Any CPU.ActiveCfg = Release|Any CPU
		{DE69864A-D6CC-4084-8586-5B799C7702C2}.Release|Any CPU.Build.0 = Release|Any CPU
		{A2E30572-9475-45E6-98BA-D5A330ECBD5D}.Debug|Any CPU.ActiveCfg = Debug|Any CPU
		{A2E30572-9475-45E6-98BA-D5A330ECBD5D}.Debug|Any CPU.Build.0 = Debug|Any CPU
		{A2E30572-9475-45E6-98BA-D5A330ECBD5D}.Release|Any CPU.ActiveCfg = Release|Any CPU
		{A2E30572-9475-45E6-98BA-D5A330ECBD5D}.Release|Any CPU.Build.0 = Release|Any CPU
	EndGlobalSection
	GlobalSection(SolutionProperties) = preSolution
		HideSolutionNode = FALSE
	EndGlobalSection
	GlobalSection(ExtensibilityGlobals) = postSolution
		SolutionGuid = {8DC3E849-B49D-493C-B647-A1277FD7EC79}
	EndGlobalSection
EndGlobal
